<?xml version="1.0" encoding="utf-8"?>
<Project ToolsVersion="4.0" xmlns="http://schemas.microsoft.com/developer/msbuild/2003">
  <ItemGroup>
    <Filter Include="Source Files">
      <UniqueIdentifier>{4FC737F1-C7A5-4376-A066-2A32D752A2FF}</UniqueIdentifier>
      <Extensions>cpp;c;cc;cxx;c++;cppm;ixx;def;odl;idl;hpj;bat;asm;asmx</Extensions>
    </Filter>
    <Filter Include="Header Files">
      <UniqueIdentifier>{93995380-89BD-4b04-88EB-625FBE52EBFB}</UniqueIdentifier>
      <Extensions>h;hh;hpp;hxx;h++;hm;inl;inc;ipp;xsd</Extensions>
    </Filter>
    <Filter Include="Resource Files">
      <UniqueIdentifier>{67DA6AB6-F800-4c08-8B7A-83BB121AAD01}</UniqueIdentifier>
      <Extensions>rc;ico;cur;bmp;dlg;rc2;rct;bin;rgs;gif;jpg;jpeg;jpe;resx;tiff;tif;png;wav;mfcribbon-ms</Extensions>
    </Filter>
    <Filter Include="Source Files\engine">
      <UniqueIdentifier>{1a265560-159e-4bfe-84c2-2eb1aab977a2}</UniqueIdentifier>
    </Filter>
    <Filter Include="Source Files\game">
      <UniqueIdentifier>{026359fc-c3f0-46fa-a9f3-08d7ef272b7b}</UniqueIdentifier>
    </Filter>
    <Filter Include="Source Files\engine\graphics">
      <UniqueIdentifier>{dbaeed10-ac88-4419-b928-cc3a1fdbbe4c}</UniqueIdentifier>
    </Filter>
    <Filter Include="Header Files\engine">
      <UniqueIdentifier>{b74312d8-f440-490d-b0cd-49a513f69f70}</UniqueIdentifier>
    </Filter>
    <Filter Include="Source Files\engine\gameplay">
      <UniqueIdentifier>{a440d1a1-f24f-441e-aba1-937dffd11520}</UniqueIdentifier>
    </Filter>
    <Filter Include="Source Files\game\inventory">
      <UniqueIdentifier>{1f59efdd-d0f7-4927-8da2-f4ae88a81225}</UniqueIdentifier>
    </Filter>
    <Filter Include="Source Files\game\terrain">
      <UniqueIdentifier>{2bafefdd-9e80-45bd-bee3-69dc042753ab}</UniqueIdentifier>
    </Filter>
    <Filter Include="Header Files\game">
      <UniqueIdentifier>{e4a85557-6928-48fc-9e85-097c203e2961}</UniqueIdentifier>
    </Filter>
    <Filter Include="Header Files\game\inventory">
      <UniqueIdentifier>{9b887ccb-2ba1-41cc-89be-683312351654}</UniqueIdentifier>
    </Filter>
    <Filter Include="Header Files\game\terrain">
      <UniqueIdentifier>{430511b1-6c88-428e-aa8c-a8719c6cbbd6}</UniqueIdentifier>
    </Filter>
  </ItemGroup>
  <ItemGroup>
    <ClCompile Include="Brightfell.cpp">
      <Filter>Source Files</Filter>
    </ClCompile>
    <ClCompile Include="GraphicsContext.cpp">
      <Filter>Source Files\engine\graphics</Filter>
    </ClCompile>
    <ClCompile Include="GameModule.cpp">
      <Filter>Source Files\engine\gameplay</Filter>
    </ClCompile>
    <ClCompile Include="Character.cpp">
      <Filter>Source Files\game</Filter>
    </ClCompile>
    <ClCompile Include="TestGame.cpp">
      <Filter>Source Files\game</Filter>
    </ClCompile>
    <ClCompile Include="Item.cpp">
      <Filter>Source Files\game\inventory</Filter>
    </ClCompile>
    <ClCompile Include="Inventory.cpp">
      <Filter>Source Files\game\inventory</Filter>
    </ClCompile>
    <ClCompile Include="TerrainTile.cpp">
      <Filter>Source Files\game\terrain</Filter>
    </ClCompile>
    <ClCompile Include="WorldMap.cpp">
      <Filter>Source Files\game\terrain</Filter>
    </ClCompile>
    <ClCompile Include="TestQuad.cpp">
      <Filter>Source Files</Filter>
    </ClCompile>
    <ClCompile Include="Texture.cpp">
      <Filter>Source Files</Filter>
    </ClCompile>
    <ClCompile Include="Drawable.cpp">
      <Filter>Source Files</Filter>
    </ClCompile>
    <ClCompile Include="Camera.cpp">
      <Filter>Source Files</Filter>
    </ClCompile>
    <ClCompile Include="Vertex.cpp">
      <Filter>Source Files</Filter>
    </ClCompile>
    <ClCompile Include="Shader.cpp">
      <Filter>Source Files</Filter>
    </ClCompile>
  </ItemGroup>
  <ItemGroup>
    <ClInclude Include="GameModule.h">
      <Filter>Header Files\engine</Filter>
    </ClInclude>
    <ClInclude Include="GraphicsContext.h">
      <Filter>Header Files\engine</Filter>
    </ClInclude>
    <ClInclude Include="Character.h">
      <Filter>Header Files\game</Filter>
    </ClInclude>
    <ClInclude Include="TestGame.h">
      <Filter>Header Files\game</Filter>
    </ClInclude>
    <ClInclude Include="Inventory.h">
      <Filter>Header Files\game\inventory</Filter>
    </ClInclude>
    <ClInclude Include="Item.h">
      <Filter>Header Files\game\inventory</Filter>
    </ClInclude>
    <ClInclude Include="TerrainTile.h">
      <Filter>Header Files\game\terrain</Filter>
    </ClInclude>
    <ClInclude Include="WorldMap.h">
      <Filter>Header Files\game\terrain</Filter>
    </ClInclude>
    <ClInclude Include="TestQuad.h">
      <Filter>Header Files</Filter>
    </ClInclude>
    <ClInclude Include="stb_image.h">
      <Filter>Header Files</Filter>
    </ClInclude>
    <ClInclude Include="Texture.h">
      <Filter>Header Files</Filter>
    </ClInclude>
    <ClInclude Include="Drawable.h">
      <Filter>Header Files</Filter>
    </ClInclude>
    <ClInclude Include="Camera.h">
      <Filter>Header Files\engine</Filter>
    </ClInclude>
    <ClInclude Include="Vertex.h">
      <Filter>Header Files</Filter>
    </ClInclude>
    <ClInclude Include="Shader.h">
      <Filter>Header Files</Filter>
    </ClInclude>
  </ItemGroup>
</Project>